
Microsoft Visual Studio Solution File, Format Version 12.00
# Visual Studio Version 17
VisualStudioVersion = 17.1.32421.90
MinimumVisualStudioVersion = 10.0.40219.1
Project("{9A19103F-16F7-4668-BE54-9A1E7A4F7556}") = "Lab1_Scientists_And_Publications", "Лабораторна робота №1\Lab1_Scientists_And_Publications.csproj", "{EED41F36-2DF8-4317-8D06-C5CB12D09143}"
EndProject
Global
	GlobalSection(SolutionConfigurationPlatforms) = preSolution
		Debug|Any CPU = Debug|Any CPU
		Release|Any CPU = Release|Any CPU
	EndGlobalSection
	GlobalSection(ProjectConfigurationPlatforms) = postSolution
		{EED41F36-2DF8-4317-8D06-C5CB12D09143}.Debug|Any CPU.ActiveCfg = Debug|Any CPU
		{EED41F36-2DF8-4317-8D06-C5CB12D09143}.Debug|Any CPU.Build.0 = Debug|Any CPU
		{EED41F36-2DF8-4317-8D06-C5CB12D09143}.Release|Any CPU.ActiveCfg = Release|Any CPU
		{EED41F36-2DF8-4317-8D06-C5CB12D09143}.Release|Any CPU.Build.0 = Release|Any CPU
	EndGlobalSection
	GlobalSection(SolutionProperties) = preSolution
		HideSolutionNode = FALSE
	EndGlobalSection
	GlobalSection(ExtensibilityGlobals) = postSolution
		SolutionGuid = {25798FAA-F09F-47B9-8DF0-D9CF4228D973}
	EndGlobalSection
EndGlobal
